lockfileVersion: '9.0'

settings:
  autoInstallPeers: true
  excludeLinksFromLockfile: false

importers:

  .:
    dependencies:
      gsap:
        specifier: ^3.12.2
        version: 3.12.5
      pixi.js:
        specifier: ^7.3.2
        version: 7.4.2
    devDependencies:
      sass:
        specifier: ^1.69.5
        version: 1.82.0
      vite:
        specifier: ^4.5.0
        version: 4.5.5(sass@1.82.0)

packages:

  '@esbuild/android-arm64@0.18.20':
    resolution: {integrity: sha512-Nz4rJcchGDtENV0eMKUNa6L12zz2zBDXuhj/Vjh18zGqB44Bi7MBMSXjgunJgjRhCmKOjnPuZp4Mb6OKqtMHLQ==}
    engines: {node: '>=12'}
    cpu: [arm64]
    os: [android]

  '@esbuild/android-arm@0.18.20':
    resolution: {integrity: sha512-fyi7TDI/ijKKNZTUJAQqiG5T7YjJXgnzkURqmGj13C6dCqckZBLdl4h7bkhHt/t0WP+zO9/zwroDvANaOqO5Sw==}
    engines: {node: '>=12'}
    cpu: [arm]
    os: [android]

  '@esbuild/android-x64@0.18.20':
    resolution: {integrity: sha512-8GDdlePJA8D6zlZYJV/jnrRAi6rOiNaCC/JclcXpB+KIuvfBN4owLtgzY2bsxnx666XjJx2kDPUmnTtR8qKQUg==}
    engines: {node: '>=12'}
    cpu: [x64]
    os: [android]

  '@esbuild/darwin-arm64@0.18.20':
    resolution: {integrity: sha512-bxRHW5kHU38zS2lPTPOyuyTm+S+eobPUnTNkdJEfAddYgEcll4xkT8DB9d2008DtTbl7uJag2HuE5NZAZgnNEA==}
    engines: {node: '>=12'}
    cpu: [arm64]
    os: [darwin]

  '@esbuild/darwin-x64@0.18.20':
    resolution: {integrity: sha512-pc5gxlMDxzm513qPGbCbDukOdsGtKhfxD1zJKXjCCcU7ju50O7MeAZ8c4krSJcOIJGFR+qx21yMMVYwiQvyTyQ==}
    engines: {node: '>=12'}
    cpu: [x64]
    os: [darwin]

  '@esbuild/freebsd-arm64@0.18.20':
    resolution: {integrity: sha512-yqDQHy4QHevpMAaxhhIwYPMv1NECwOvIpGCZkECn8w2WFHXjEwrBn3CeNIYsibZ/iZEUemj++M26W3cNR5h+Tw==}
    engines: {node: '>=12'}
    cpu: [arm64]
    os: [freebsd]

  '@esbuild/freebsd-x64@0.18.20':
    resolution: {integrity: sha512-tgWRPPuQsd3RmBZwarGVHZQvtzfEBOreNuxEMKFcd5DaDn2PbBxfwLcj4+aenoh7ctXcbXmOQIn8HI6mCSw5MQ==}
    engines: {node: '>=12'}
    cpu: [x64]
    os: [freebsd]

  '@esbuild/linux-arm64@0.18.20':
    resolution: {integrity: sha512-2YbscF+UL7SQAVIpnWvYwM+3LskyDmPhe31pE7/aoTMFKKzIc9lLbyGUpmmb8a8AixOL61sQ/mFh3jEjHYFvdA==}
    engines: {node: '>=12'}
    cpu: [arm64]
    os: [linux]

  '@esbuild/linux-arm@0.18.20':
    resolution: {integrity: sha512-/5bHkMWnq1EgKr1V+Ybz3s1hWXok7mDFUMQ4cG10AfW3wL02PSZi5kFpYKrptDsgb2WAJIvRcDm+qIvXf/apvg==}
    engines: {node: '>=12'}
    cpu: [arm]
    os: [linux]

  '@esbuild/linux-ia32@0.18.20':
    resolution: {integrity: sha512-P4etWwq6IsReT0E1KHU40bOnzMHoH73aXp96Fs8TIT6z9Hu8G6+0SHSw9i2isWrD2nbx2qo5yUqACgdfVGx7TA==}
    engines: {node: '>=12'}
    cpu: [ia32]
    os: [linux]

  '@esbuild/linux-loong64@0.18.20':
    resolution: {integrity: sha512-nXW8nqBTrOpDLPgPY9uV+/1DjxoQ7DoB2N8eocyq8I9XuqJ7BiAMDMf9n1xZM9TgW0J8zrquIb/A7s3BJv7rjg==}
    engines: {node: '>=12'}
    cpu: [loong64]
    os: [linux]

  '@esbuild/linux-mips64el@0.18.20':
    resolution: {integrity: sha512-d5NeaXZcHp8PzYy5VnXV3VSd2D328Zb+9dEq5HE6bw6+N86JVPExrA6O68OPwobntbNJ0pzCpUFZTo3w0GyetQ==}
    engines: {node: '>=12'}
    cpu: [mips64el]
    os: [linux]

  '@esbuild/linux-ppc64@0.18.20':
    resolution: {integrity: sha512-WHPyeScRNcmANnLQkq6AfyXRFr5D6N2sKgkFo2FqguP44Nw2eyDlbTdZwd9GYk98DZG9QItIiTlFLHJHjxP3FA==}
    engines: {node: '>=12'}
    cpu: [ppc64]
    os: [linux]

  '@esbuild/linux-riscv64@0.18.20':
    resolution: {integrity: sha512-WSxo6h5ecI5XH34KC7w5veNnKkju3zBRLEQNY7mv5mtBmrP/MjNBCAlsM2u5hDBlS3NGcTQpoBvRzqBcRtpq1A==}
    engines: {node: '>=12'}
    cpu: [riscv64]
    os: [linux]

  '@esbuild/linux-s390x@0.18.20':
    resolution: {integrity: sha512-+8231GMs3mAEth6Ja1iK0a1sQ3ohfcpzpRLH8uuc5/KVDFneH6jtAJLFGafpzpMRO6DzJ6AvXKze9LfFMrIHVQ==}
    engines: {node: '>=12'}
    cpu: [s390x]
    os: [linux]

  '@esbuild/linux-x64@0.18.20':
    resolution: {integrity: sha512-UYqiqemphJcNsFEskc73jQ7B9jgwjWrSayxawS6UVFZGWrAAtkzjxSqnoclCXxWtfwLdzU+vTpcNYhpn43uP1w==}
    engines: {node: '>=12'}
    cpu: [x64]
    os: [linux]

  '@esbuild/netbsd-x64@0.18.20':
    resolution: {integrity: sha512-iO1c++VP6xUBUmltHZoMtCUdPlnPGdBom6IrO4gyKPFFVBKioIImVooR5I83nTew5UOYrk3gIJhbZh8X44y06A==}
    engines: {node: '>=12'}
    cpu: [x64]
    os: [netbsd]

  '@esbuild/openbsd-x64@0.18.20':
    resolution: {integrity: sha512-e5e4YSsuQfX4cxcygw/UCPIEP6wbIL+se3sxPdCiMbFLBWu0eiZOJ7WoD+ptCLrmjZBK1Wk7I6D/I3NglUGOxg==}
    engines: {node: '>=12'}
    cpu: [x64]
    os: [openbsd]

  '@esbuild/sunos-x64@0.18.20':
    resolution: {integrity: sha512-kDbFRFp0YpTQVVrqUd5FTYmWo45zGaXe0X8E1G/LKFC0v8x0vWrhOWSLITcCn63lmZIxfOMXtCfti/RxN/0wnQ==}
    engines: {node: '>=12'}
    cpu: [x64]
    os: [sunos]

  '@esbuild/win32-arm64@0.18.20':
    resolution: {integrity: sha512-ddYFR6ItYgoaq4v4JmQQaAI5s7npztfV4Ag6NrhiaW0RrnOXqBkgwZLofVTlq1daVTQNhtI5oieTvkRPfZrePg==}
    engines: {node: '>=12'}
    cpu: [arm64]
    os: [win32]

  '@esbuild/win32-ia32@0.18.20':
    resolution: {integrity: sha512-Wv7QBi3ID/rROT08SABTS7eV4hX26sVduqDOTe1MvGMjNd3EjOz4b7zeexIR62GTIEKrfJXKL9LFxTYgkyeu7g==}
    engines: {node: '>=12'}
    cpu: [ia32]
    os: [win32]

  '@esbuild/win32-x64@0.18.20':
    resolution: {integrity: sha512-kTdfRcSiDfQca/y9QIkng02avJ+NCaQvrMejlsB3RRv5sE9rRoeBPISaZpKxHELzRxZyLvNts1P27W3wV+8geQ==}
    engines: {node: '>=12'}
    cpu: [x64]
    os: [win32]

  '@parcel/watcher-android-arm64@2.5.0':
    resolution: {integrity: sha512-qlX4eS28bUcQCdribHkg/herLe+0A9RyYC+mm2PXpncit8z5b3nSqGVzMNR3CmtAOgRutiZ02eIJJgP/b1iEFQ==}
    engines: {node: '>= 10.0.0'}
    cpu: [arm64]
    os: [android]

  '@parcel/watcher-darwin-arm64@2.5.0':
    resolution: {integrity: sha512-hyZ3TANnzGfLpRA2s/4U1kbw2ZI4qGxaRJbBH2DCSREFfubMswheh8TeiC1sGZ3z2jUf3s37P0BBlrD3sjVTUw==}
    engines: {node: '>= 10.0.0'}
    cpu: [arm64]
    os: [darwin]

  '@parcel/watcher-darwin-x64@2.5.0':
    resolution: {integrity: sha512-9rhlwd78saKf18fT869/poydQK8YqlU26TMiNg7AIu7eBp9adqbJZqmdFOsbZ5cnLp5XvRo9wcFmNHgHdWaGYA==}
    engines: {node: '>= 10.0.0'}
    cpu: [x64]
    os: [darwin]

  '@parcel/watcher-freebsd-x64@2.5.0':
    resolution: {integrity: sha512-syvfhZzyM8kErg3VF0xpV8dixJ+RzbUaaGaeb7uDuz0D3FK97/mZ5AJQ3XNnDsXX7KkFNtyQyFrXZzQIcN49Tw==}
    engines: {node: '>= 10.0.0'}
    cpu: [x64]
    os: [freebsd]

  '@parcel/watcher-linux-arm-glibc@2.5.0':
    resolution: {integrity: sha512-0VQY1K35DQET3dVYWpOaPFecqOT9dbuCfzjxoQyif1Wc574t3kOSkKevULddcR9znz1TcklCE7Ht6NIxjvTqLA==}
    engines: {node: '>= 10.0.0'}
    cpu: [arm]
    os: [linux]

  '@parcel/watcher-linux-arm-musl@2.5.0':
    resolution: {integrity: sha512-6uHywSIzz8+vi2lAzFeltnYbdHsDm3iIB57d4g5oaB9vKwjb6N6dRIgZMujw4nm5r6v9/BQH0noq6DzHrqr2pA==}
    engines: {node: '>= 10.0.0'}
    cpu: [arm]
    os: [linux]

  '@parcel/watcher-linux-arm64-glibc@2.5.0':
    resolution: {integrity: sha512-BfNjXwZKxBy4WibDb/LDCriWSKLz+jJRL3cM/DllnHH5QUyoiUNEp3GmL80ZqxeumoADfCCP19+qiYiC8gUBjA==}
    engines: {node: '>= 10.0.0'}
    cpu: [arm64]
    os: [linux]

  '@parcel/watcher-linux-arm64-musl@2.5.0':
    resolution: {integrity: sha512-S1qARKOphxfiBEkwLUbHjCY9BWPdWnW9j7f7Hb2jPplu8UZ3nes7zpPOW9bkLbHRvWM0WDTsjdOTUgW0xLBN1Q==}
    engines: {node: '>= 10.0.0'}
    cpu: [arm64]
    os: [linux]

  '@parcel/watcher-linux-x64-glibc@2.5.0':
    resolution: {integrity: sha512-d9AOkusyXARkFD66S6zlGXyzx5RvY+chTP9Jp0ypSTC9d4lzyRs9ovGf/80VCxjKddcUvnsGwCHWuF2EoPgWjw==}
    engines: {node: '>= 10.0.0'}
    cpu: [x64]
    os: [linux]

  '@parcel/watcher-linux-x64-musl@2.5.0':
    resolution: {integrity: sha512-iqOC+GoTDoFyk/VYSFHwjHhYrk8bljW6zOhPuhi5t9ulqiYq1togGJB5e3PwYVFFfeVgc6pbz3JdQyDoBszVaA==}
    engines: {node: '>= 10.0.0'}
    cpu: [x64]
    os: [linux]

  '@parcel/watcher-win32-arm64@2.5.0':
    resolution: {integrity: sha512-twtft1d+JRNkM5YbmexfcH/N4znDtjgysFaV9zvZmmJezQsKpkfLYJ+JFV3uygugK6AtIM2oADPkB2AdhBrNig==}
    engines: {node: '>= 10.0.0'}
    cpu: [arm64]
    os: [win32]

  '@parcel/watcher-win32-ia32@2.5.0':
    resolution: {integrity: sha512-+rgpsNRKwo8A53elqbbHXdOMtY/tAtTzManTWShB5Kk54N8Q9mzNWV7tV+IbGueCbcj826MfWGU3mprWtuf1TA==}
    engines: {node: '>= 10.0.0'}
    cpu: [ia32]
    os: [win32]

  '@parcel/watcher-win32-x64@2.5.0':
    resolution: {integrity: sha512-lPrxve92zEHdgeff3aiu4gDOIt4u7sJYha6wbdEZDCDUhtjTsOMiaJzG5lMY4GkWH8p0fMmO2Ppq5G5XXG+DQw==}
    engines: {node: '>= 10.0.0'}
    cpu: [x64]
    os: [win32]

  '@parcel/watcher@2.5.0':
    resolution: {integrity: sha512-i0GV1yJnm2n3Yq1qw6QrUrd/LI9bE8WEBOTtOkpCXHHdyN3TAGgqAK/DAT05z4fq2x04cARXt2pDmjWjL92iTQ==}
    engines: {node: '>= 10.0.0'}

  '@pixi/accessibility@7.4.2':
    resolution: {integrity: sha512-R6VEolm8uyy1FB1F2qaLKxVbzXAFTZCF2ka8fl9lsz7We6ZfO4QpXv9ur7DvzratjCQUQVCKo0/V7xL5q1EV/g==}
    peerDependencies:
      '@pixi/core': 7.4.2
      '@pixi/display': 7.4.2
      '@pixi/events': 7.4.2

  '@pixi/app@7.4.2':
    resolution: {integrity: sha512-ugkH3kOgjT8P1mTMY29yCOgEh+KuVMAn8uBxeY0aMqaUgIMysfpnFv+Aepp2CtvI9ygr22NC+OiKl+u+eEaQHw==}
    peerDependencies:
      '@pixi/core': 7.4.2
      '@pixi/display': 7.4.2

  '@pixi/assets@7.4.2':
    resolution: {integrity: sha512-anxho59H9egZwoaEdM5aLvYyxoz6NCy3CaQIvNHD1bbGg8L16Ih0e26QSBR5fu53jl8OjT6M7s+p6n7uu4+fGA==}
    peerDependencies:
      '@pixi/core': 7.4.2

  '@pixi/color@7.4.2':
    resolution: {integrity: sha512-av1LOvhHsiaW8+T4n/FgnOKHby55/w7VcA1HzPIHRBtEcsmxvSCDanT1HU2LslNhrxLPzyVx18nlmalOyt5OBg==}

  '@pixi/colord@2.9.6':
    resolution: {integrity: sha512-nezytU2pw587fQstUu1AsJZDVEynjskwOL+kibwcdxsMBFqPsFFNA7xl0ii/gXuDi6M0xj3mfRJj8pBSc2jCfA==}

  '@pixi/compressed-textures@7.4.2':
    resolution: {integrity: sha512-VJrt7el6O4ZJSWkeOGXwrhJaiLg1UBhHB3fj42VR4YloYkAxpfd9K6s6IcbcVz7n9L48APKBMgHyaB2pX2Ck/A==}
    peerDependencies:
      '@pixi/assets': 7.4.2
      '@pixi/core': 7.4.2

  '@pixi/constants@7.4.2':
    resolution: {integrity: sha512-N9vn6Wpz5WIQg7ugUg2+SdqD2u2+NM0QthE8YzLJ4tLH2Iz+/TrnPKUJzeyIqbg3sxJG5ZpGGPiacqIBpy1KyA==}

  '@pixi/core@7.4.2':
    resolution: {integrity: sha512-UbMtgSEnyCOFPzbE6ThB9qopXxbZ5GCof2ArB4FXOC5Xi/83MOIIYg5kf5M8689C5HJMhg2SrJu3xLKppF+CMg==}

  '@pixi/display@7.4.2':
    resolution: {integrity: sha512-DaD0J7gIlNlzO0Fdlby/0OH+tB5LtCY6rgFeCBKVDnzmn8wKW3zYZRenWBSFJ0Psx6vLqXYkSIM/rcokaKviIw==}
    peerDependencies:
      '@pixi/core': 7.4.2

  '@pixi/events@7.4.2':
    resolution: {integrity: sha512-Jw/w57heZjzZShIXL0bxOvKB+XgGIevyezhGtfF2ZSzQoSBWo+Fj1uE0QwKd0RIaXegZw/DhSmiMJSbNmcjifA==}
    peerDependencies:
      '@pixi/core': 7.4.2
      '@pixi/display': 7.4.2

  '@pixi/extensions@7.4.2':
    resolution: {integrity: sha512-Hmx2+O0yZ8XIvgomHM9GZEGcy9S9Dd8flmtOK5Aa3fXs/8v7xD08+ANQpN9ZqWU2Xs+C6UBlpqlt2BWALvKKKA==}

  '@pixi/extract@7.4.2':
    resolution: {integrity: sha512-JOX27TRWjVEjauGBbF8PU7/g6LYXnivehdgqS5QlVDv1CNHTOrz/j3MdKcVWOhyZPbH5c9sh7lxyRxvd9AIuTQ==}
    peerDependencies:
      '@pixi/core': 7.4.2

  '@pixi/filter-alpha@7.4.2':
    resolution: {integrity: sha512-9OsKJ+yvY2wIcQXwswj5HQBiwNGymwmqdxfp7mo+nZSBoDmxUqvMZzE9UNJ3eUlswuNvNRO8zNOsQvwdz7WFww==}
    peerDependencies:
      '@pixi/core': 7.4.2

  '@pixi/filter-blur@7.4.2':
    resolution: {integrity: sha512-gOXBbIUx6CRZP1fmsis2wLzzSsofrqmIHhbf1gIkZMIQaLsc9T7brj+PaLTTiOiyJgnvGN5j20RZnkERWWKV0Q==}
    peerDependencies:
      '@pixi/core': 7.4.2

  '@pixi/filter-color-matrix@7.4.2':
    resolution: {integrity: sha512-ykZiR59Gvj80UKs9qm7jeUTKvn+wWk6HBVJOmJbK9jFK5juakDWp7BbH26U78Q61EWj97kI1FdfcbMkuQ7rqkA==}
    peerDependencies:
      '@pixi/core': 7.4.2

  '@pixi/filter-displacement@7.4.2':
    resolution: {integrity: sha512-QS/eWp/ivsxef3xapNeGwpPX7vrqQQeo99Fux4k5zsvplnNEsf91t6QYJLG776AbZEu/qh8VYRBA5raIVY/REw==}
    peerDependencies:
      '@pixi/core': 7.4.2

  '@pixi/filter-fxaa@7.4.2':
    resolution: {integrity: sha512-U/ptJgDsfs/r8y2a6gCaiPfDu2IFAxpQ4wtfmBpz6vRhqeE4kI8yNIUx5dZbui57zlsJaW0BNacOQxHU0vLkyQ==}
    peerDependencies:
      '@pixi/core': 7.4.2

  '@pixi/filter-noise@7.4.2':
    resolution: {integrity: sha512-Vy9ViBFhZEGh6xKkd3kFWErolZTwv1Y5Qb1bV7qPIYbvBECYsqzlR4uCrrjBV6KKm0PufpG/+NKC5vICZaqKzg==}
    peerDependencies:
      '@pixi/core': 7.4.2

  '@pixi/graphics@7.4.2':
    resolution: {integrity: sha512-jH4/Tum2RqWzHGzvlwEr7HIVduoLO57Ze705N2zQPkUD57TInn5911aGUeoua7f/wK8cTLGzgB9BzSo2kTdcHw==}
    peerDependencies:
      '@pixi/core': 7.4.2
      '@pixi/display': 7.4.2
      '@pixi/sprite': 7.4.2

  '@pixi/math@7.4.2':
    resolution: {integrity: sha512-7jHmCQoYk6e0rfSKjdNFOPl0wCcdgoraxgteXJTTHv3r0bMNx2pHD9FJ0VvocEUG7XHfj55O3+u7yItOAx0JaQ==}

  '@pixi/mesh-extras@7.4.2':
    resolution: {integrity: sha512-vNR/7wjxjs7sv9fGoKkHyU91ZAD+7EnMHBS5F3CVISlOIFxLi96NNZCB81oUIdky/90pHw40johd/4izR5zTyw==}
    peerDependencies:
      '@pixi/core': 7.4.2
      '@pixi/mesh': 7.4.2

  '@pixi/mesh@7.4.2':
    resolution: {integrity: sha512-mEkKyQvvMrYXC3pahvH5WBIKtrtB63WixRr91ANFI7zXD+ESG6Ap6XtxMCJmXDQPwBDNk7SWVMiCflYuchG7kA==}
    peerDependencies:
      '@pixi/core': 7.4.2
      '@pixi/display': 7.4.2

  '@pixi/mixin-cache-as-bitmap@7.4.2':
    resolution: {integrity: sha512-6dgthi2ruUT/lervSrFDQ7vXkEsHo6CxdgV7W/wNdW1dqgQlKfDvO6FhjXzyIMRLSooUf5FoeluVtfsjkUIYrw==}
    peerDependencies:
      '@pixi/core': 7.4.2
      '@pixi/display': 7.4.2
      '@pixi/sprite': 7.4.2

  '@pixi/mixin-get-child-by-name@7.4.2':
    resolution: {integrity: sha512-0Cfw8JpQhsixprxiYph4Lj+B5n83Kk4ftNMXgM5xtZz+tVLz5s91qR0MqcdzwTGTJ7utVygiGmS4/3EfR/duRQ==}
    peerDependencies:
      '@pixi/display': 7.4.2

  '@pixi/mixin-get-global-position@7.4.2':
    resolution: {integrity: sha512-LcsahbVdX4DFS2IcGfNp4KaXuu7SjAwUp/flZSGIfstyKOKb5FWFgihtqcc9ZT4coyri3gs2JbILZub/zPZj1w==}
    peerDependencies:
      '@pixi/core': 7.4.2
      '@pixi/display': 7.4.2

  '@pixi/particle-container@7.4.2':
    resolution: {integrity: sha512-B78Qq86kt0lEa5WtB2YFIm3+PjhKfw9La9R++GBSgABl+g13s2UaZ6BIPxvY3JxWMdxPm4iPrQPFX1QWRN68mw==}
    peerDependencies:
      '@pixi/core': 7.4.2
      '@pixi/display': 7.4.2
      '@pixi/sprite': 7.4.2

  '@pixi/prepare@7.4.2':
    resolution: {integrity: sha512-PugyMzReCHXUzc3so9PPJj2OdHwibpUNWyqG4mWY2UUkb6c8NAGK1AnAPiscOvLilJcv/XQSFoNhX+N1jrvJEg==}
    peerDependencies:
      '@pixi/core': 7.4.2
      '@pixi/display': 7.4.2
      '@pixi/graphics': 7.4.2
      '@pixi/text': 7.4.2

  '@pixi/runner@7.4.2':
    resolution: {integrity: sha512-LPBpwym4vdyyDY5ucF4INQccaGyxztERyLTY1YN6aqJyyMmnc7iqXlIKt+a0euMBtNoLoxy6MWMvIuZj0JfFPA==}

  '@pixi/settings@7.4.2':
    resolution: {integrity: sha512-pMN+L6aWgvUbwhFIL/BTHKe2ShYGPZ8h9wlVBnFHMtUcJcFLMF1B3lzuvCayZRepOphs6RY0TqvnDvVb585JhQ==}

  '@pixi/sprite-animated@7.4.2':
    resolution: {integrity: sha512-QPT6yxCUGOBN+98H3pyIZ1ZO6Y7BN1o0Q2IMZEsD1rNfZJrTYS3Q8VlCG5t2YlFlcB8j5iBo24bZb6FUxLOmsQ==}
    peerDependencies:
      '@pixi/core': 7.4.2
      '@pixi/sprite': 7.4.2

  '@pixi/sprite-tiling@7.4.2':
    resolution: {integrity: sha512-Z8PP6ewy3nuDYL+NeEdltHAhuucVgia33uzAitvH3OqqRSx6a6YRBFbNLUM9Sx+fBO2Lk3PpV1g6QZX+NE5LOg==}
    peerDependencies:
      '@pixi/core': 7.4.2
      '@pixi/display': 7.4.2
      '@pixi/sprite': 7.4.2

  '@pixi/sprite@7.4.2':
    resolution: {integrity: sha512-Ccf/OVQsB+HQV0Fyf5lwD+jk1jeU7uSIqEjbxenNNssmEdB7S5qlkTBV2EJTHT83+T6Z9OMOHsreJZerydpjeg==}
    peerDependencies:
      '@pixi/core': 7.4.2
      '@pixi/display': 7.4.2

  '@pixi/spritesheet@7.4.2':
    resolution: {integrity: sha512-YIvHdpXW+AYp8vD0NkjJmrdnVHTZKidCnx6k8ATSuuvCT6O5Tuh2N/Ul2oDj4/QaePy0lVhyhAbZpJW00Jr7mQ==}
    peerDependencies:
      '@pixi/assets': 7.4.2
      '@pixi/core': 7.4.2

  '@pixi/text-bitmap@7.4.2':
    resolution: {integrity: sha512-lPBMJ83JnpFVL+6ckQ8KO8QmwdPm0z9Zs/M0NgFKH2F+BcjelRNnk80NI3O0qBDYSEDQIE+cFbKoZ213kf7zwA==}
    peerDependencies:
      '@pixi/assets': 7.4.2
      '@pixi/core': 7.4.2
      '@pixi/display': 7.4.2
      '@pixi/mesh': 7.4.2
      '@pixi/text': 7.4.2

  '@pixi/text-html@7.4.2':
    resolution: {integrity: sha512-duOu8oDYeDNuyPozj2DAsQ5VZBbRiwIXy78Gn7H2pCiEAefw/Uv5jJYwdgneKME0e1tOxz1eOUGKPcI6IJnZjw==}
    peerDependencies:
      '@pixi/core': 7.4.2
      '@pixi/display': 7.4.2
      '@pixi/sprite': 7.4.2
      '@pixi/text': 7.4.2

  '@pixi/text@7.4.2':
    resolution: {integrity: sha512-rZZWpJNsIQ8WoCWrcVg8Gi6L/PDakB941clo6dO3XjoII2ucoOUcnpe5HIkudxi2xPvS/8Bfq990gFEx50TP5A==}
    peerDependencies:
      '@pixi/core': 7.4.2
      '@pixi/sprite': 7.4.2

  '@pixi/ticker@7.4.2':
    resolution: {integrity: sha512-cAvxCh/KI6IW4m3tp2b+GQIf+DoSj9NNmPJmsOeEJ7LzvruG8Ps7SKI6CdjQob5WbceL1apBTDbqZ/f77hFDiQ==}

  '@pixi/utils@7.4.2':
    resolution: {integrity: sha512-aU/itcyMC4TxFbmdngmak6ey4kC5c16Y5ntIYob9QnjNAfD/7GTsYIBnP6FqEAyO1eq0MjkAALxdONuay1BG3g==}

  '@types/css-font-loading-module@0.0.12':
    resolution: {integrity: sha512-x2tZZYkSxXqWvTDgveSynfjq/T2HyiZHXb00j/+gy19yp70PHCizM48XFdjBCWH7eHBD0R5i/pw9yMBP/BH5uA==}

  '@types/earcut@2.1.4':
    resolution: {integrity: sha512-qp3m9PPz4gULB9MhjGID7wpo3gJ4bTGXm7ltNDsmOvsPduTeHp8wSW9YckBj3mljeOh4F0m2z/0JKAALRKbmLQ==}

  braces@3.0.3:
    resolution: {integrity: sha512-yQbXgO/OSZVD2IsiLlro+7Hf6Q18EJrKSEsdoMzKePKXct3gvD8oLcOQdIzGupr5Fj+EDe8gO/lxc1BzfMpxvA==}
    engines: {node: '>=8'}

  call-bind@1.0.7:
    resolution: {integrity: sha512-GHTSNSYICQ7scH7sZ+M2rFopRoLh8t2bLSW6BbgrtLsahOIB5iyAVJf9GjWK3cYTDaMj4XdBpM1cA6pIS0Kv2w==}
    engines: {node: '>= 0.4'}

  chokidar@4.0.1:
    resolution: {integrity: sha512-n8enUVCED/KVRQlab1hr3MVpcVMvxtZjmEa956u+4YijlmQED223XMSYj2tLuKvr4jcCTzNNMpQDUer72MMmzA==}
    engines: {node: '>= 14.16.0'}

  define-data-property@1.1.4:
    resolution: {integrity: sha512-rBMvIzlpA8v6E+SJZoo++HAYqsLrkg7MSfIinMPFhmkorw7X+dOXVJQs+QT69zGkzMyfDnIMN2Wid1+NbL3T+A==}
    engines: {node: '>= 0.4'}

  detect-libc@1.0.3:
    resolution: {integrity: sha512-pGjwhsmsp4kL2RTz08wcOlGN83otlqHeD/Z5T8GXZB+/YcpQ/dgo+lbU8ZsGxV0HIvqqxo9l7mqYwyYMD9bKDg==}
    engines: {node: '>=0.10'}
    hasBin: true

  earcut@2.2.4:
    resolution: {integrity: sha512-/pjZsA1b4RPHbeWZQn66SWS8nZZWLQQ23oE3Eam7aroEFGEvwKAsJfZ9ytiEMycfzXWpca4FA9QIOehf7PocBQ==}

  es-define-property@1.0.0:
    resolution: {integrity: sha512-jxayLKShrEqqzJ0eumQbVhTYQM27CfT1T35+gCgDFoL82JLsXqTJ76zv6A0YLOgEnLUMvLzsDsGIrl8NFpT2gQ==}
    engines: {node: '>= 0.4'}

  es-errors@1.3.0:
    resolution: {integrity: sha512-Zf5H2Kxt2xjTvbJvP2ZWLEICxA6j+hAmMzIlypy4xcBg1vKVnx89Wy0GbS+kf5cwCVFFzdCFh2XSCFNULS6csw==}
    engines: {node: '>= 0.4'}

  esbuild@0.18.20:
    resolution: {integrity: sha512-ceqxoedUrcayh7Y7ZX6NdbbDzGROiyVBgC4PriJThBKSVPWnnFHZAkfI1lJT8QFkOwH4qOS2SJkS4wvpGl8BpA==}
    engines: {node: '>=12'}
    hasBin: true

  eventemitter3@4.0.7:
    resolution: {integrity: sha512-8guHBZCwKnFhYdHr2ysuRWErTwhoN2X8XELRlrRwpmfeY2jjuUN4taQMsULKUVo1K4DvZl+0pgfyoysHxvmvEw==}

  fill-range@7.1.1:
    resolution: {integrity: sha512-YsGpe3WHLK8ZYi4tWDg2Jy3ebRz2rXowDxnld4bkQB00cc/1Zw9AWnC0i9ztDJitivtQvaI9KaLyKrc+hBW0yg==}
    engines: {node: '>=8'}

  fsevents@2.3.3:
    resolution: {integrity: sha512-5xoDfX+fL7faATnagmWPpbFtwh/R77WmMMqqHGS65C3vvB0YHrgF+B1YmZ3441tMj5n63k0212XNoJwzlhffQw==}
    engines: {node: ^8.16.0 || ^10.6.0 || >=11.0.0}
    os: [darwin]

  function-bind@1.1.2:
    resolution: {integrity: sha512-7XHNxH7qX9xG5mIwxkhumTox/MIRNcOgDrxWsMt2pAr23WHp6MrRlN7FBSFpCpr+oVO0F744iUgR82nJMfG2SA==}

  get-intrinsic@1.2.4:
    resolution: {integrity: sha512-5uYhsJH8VJBTv7oslg4BznJYhDoRI6waYCxMmCdnTrcCrHA/fCFKoTFz2JKKE0HdDFUF7/oQuhzumXJK7paBRQ==}
    engines: {node: '>= 0.4'}

  gopd@1.1.0:
    resolution: {integrity: sha512-FQoVQnqcdk4hVM4JN1eromaun4iuS34oStkdlLENLdpULsuQcTyXj8w7ayhuUfPwEYZ1ZOooOTT6fdA9Vmx/RA==}
    engines: {node: '>= 0.4'}

  gsap@3.12.5:
    resolution: {integrity: sha512-srBfnk4n+Oe/ZnMIOXt3gT605BX9x5+rh/prT2F1SsNJsU1XuMiP0E2aptW481OnonOGACZWBqseH5Z7csHxhQ==}

  has-property-descriptors@1.0.2:
    resolution: {integrity: sha512-55JNKuIW+vq4Ke1BjOTjM2YctQIvCT7GFzHwmfZPGo5wnrgkid0YQtnAleFSqumZm4az3n2BS+erby5ipJdgrg==}

  has-proto@1.1.0:
    resolution: {integrity: sha512-QLdzI9IIO1Jg7f9GT1gXpPpXArAn6cS31R1eEZqz08Gc+uQ8/XiqHWt17Fiw+2p6oTTIq5GXEpQkAlA88YRl/Q==}
    engines: {node: '>= 0.4'}

  has-symbols@1.1.0:
    resolution: {integrity: sha512-1cDNdwJ2Jaohmb3sg4OmKaMBwuC48sYni5HUw2DvsC8LjGTLK9h+eb1X6RyuOHe4hT0ULCW68iomhjUoKUqlPQ==}
    engines: {node: '>= 0.4'}

  hasown@2.0.2:
    resolution: {integrity: sha512-0hJU9SCPvmMzIBdZFqNPXWa6dqh7WdH0cII9y+CyS8rG3nL48Bclra9HmKhVVUHyPWNH5Y7xDwAB7bfgSjkUMQ==}
    engines: {node: '>= 0.4'}

  immutable@5.0.3:
    resolution: {integrity: sha512-P8IdPQHq3lA1xVeBRi5VPqUm5HDgKnx0Ru51wZz5mjxHr5n3RWhjIpOFU7ybkUxfB+5IToy+OLaHYDBIWsv+uw==}

  is-extglob@2.1.1:
    resolution: {integrity: sha512-SbKbANkN603Vi4jEZv49LeVJMn4yGwsbzZworEoyEiutsN3nJYdbO36zfhGJ6QEDpOZIFkDtnq5JRxmvl3jsoQ==}
    engines: {node: '>=0.10.0'}

  is-glob@4.0.3:
    resolution: {integrity: sha512-xelSayHH36ZgE7ZWhli7pW34hNbNl8Ojv5KVmkJD4hBdD3th8Tfk9vYasLM+mXWOZhFkgZfxhLSnrwRr4elSSg==}
    engines: {node: '>=0.10.0'}

  is-number@7.0.0:
    resolution: {integrity: sha512-41Cifkg6e8TylSpdtTpeLVMqvSBEVzTttHvERD741+pnZ8ANv0004MRL43QKPDlK9cGvNp6NZWZUBlbGXYxxng==}
    engines: {node: '>=0.12.0'}

  ismobilejs@1.1.1:
    resolution: {integrity: sha512-VaFW53yt8QO61k2WJui0dHf4SlL8lxBofUuUmwBo0ljPk0Drz2TiuDW4jo3wDcv41qy/SxrJ+VAzJ/qYqsmzRw==}

  micromatch@4.0.8:
    resolution: {integrity: sha512-PXwfBhYu0hBCPw8Dn0E+WDYb7af3dSLVWKi3HGv84IdF4TyFoC0ysxFd0Goxw7nSv4T/PzEJQxsYsEiFCKo2BA==}
    engines: {node: '>=8.6'}

  nanoid@3.3.8:
    resolution: {integrity: sha512-WNLf5Sd8oZxOm+TzppcYk8gVOgP+l58xNy58D0nbUnOxOWRWvlcCV4kUF7ltmI6PsrLl/BgKEyS4mqsGChFN0w==}
    engines: {node: ^10 || ^12 || ^13.7 || ^14 || >=15.0.1}
    hasBin: true

  node-addon-api@7.1.1:
    resolution: {integrity: sha512-5m3bsyrjFWE1xf7nz7YXdN4udnVtXK6/Yfgn5qnahL6bCkf2yKt4k3nuTKAtT4r3IG8JNR2ncsIMdZuAzJjHQQ==}

  object-inspect@1.13.3:
    resolution: {integrity: sha512-kDCGIbxkDSXE3euJZZXzc6to7fCrKHNI/hSRQnRuQ+BWjFNzZwiFF8fj/6o2t2G9/jTj8PSIYTfCLelLZEeRpA==}
    engines: {node: '>= 0.4'}

  picocolors@1.1.1:
    resolution: {integrity: sha512-xceH2snhtb5M9liqDsmEw56le376mTZkEX/jEb/RxNFyegNul7eNslCXP9FDj/Lcu0X8KEyMceP2ntpaHrDEVA==}

  picomatch@2.3.1:
    resolution: {integrity: sha512-JU3teHTNjmE2VCGFzuY8EXzCDVwEqB2a8fsIvwaStHhAWJEeVd1o1QD80CU6+ZdEXXSLbSsuLwJjkCBWqRQUVA==}
    engines: {node: '>=8.6'}

  pixi.js@7.4.2:
    resolution: {integrity: sha512-TifqgHGNofO7UCEbdZJOpUu7dUnpu4YZ0o76kfCqxDa4RS8ITc9zjECCbtalmuNXkVhSEZmBKQvE7qhHMqw/xg==}

  postcss@8.4.49:
    resolution: {integrity: sha512-OCVPnIObs4N29kxTjzLfUryOkvZEq+pf8jTF0lg8E7uETuWHA+v7j3c/xJmiqpX450191LlmZfUKkXxkTry7nA==}
    engines: {node: ^10 || ^12 || >=14}

  punycode@1.4.1:
    resolution: {integrity: sha512-jmYNElW7yvO7TV33CjSmvSiE2yco3bV2czu/OzDKdMNVZQWfxCblURLhf+47syQRBntjfLdd/H0egrzIG+oaFQ==}

  qs@6.13.1:
    resolution: {integrity: sha512-EJPeIn0CYrGu+hli1xilKAPXODtJ12T0sP63Ijx2/khC2JtuaN3JyNIpvmnkmaEtha9ocbG4A4cMcr+TvqvwQg==}
    engines: {node: '>=0.6'}

  readdirp@4.0.2:
    resolution: {integrity: sha512-yDMz9g+VaZkqBYS/ozoBJwaBhTbZo3UNYQHNRw1D3UFQB8oHB4uS/tAODO+ZLjGWmUbKnIlOWO+aaIiAxrUWHA==}
    engines: {node: '>= 14.16.0'}

  rollup@3.29.5:
    resolution: {integrity: sha512-GVsDdsbJzzy4S/v3dqWPJ7EfvZJfCHiDqe80IyrF59LYuP+e6U1LJoUqeuqRbwAWoMNoXivMNeNAOf5E22VA1w==}
    engines: {node: '>=14.18.0', npm: '>=8.0.0'}
    hasBin: true

  sass@1.82.0:
    resolution: {integrity: sha512-j4GMCTa8elGyN9A7x7bEglx0VgSpNUG4W4wNedQ33wSMdnkqQCT8HTwOaVSV4e6yQovcu/3Oc4coJP/l0xhL2Q==}
    engines: {node: '>=14.0.0'}
    hasBin: true

  set-function-length@1.2.2:
    resolution: {integrity: sha512-pgRc4hJ4/sNjWCSS9AmnS40x3bNMDTknHgL5UaMBTMyJnU90EgWh1Rz+MC9eFu4BuN/UwZjKQuY/1v3rM7HMfg==}
    engines: {node: '>= 0.4'}

  side-channel@1.0.6:
    resolution: {integrity: sha512-fDW/EZ6Q9RiO8eFG8Hj+7u/oW+XrPTIChwCOM2+th2A6OblDtYYIpve9m+KvI9Z4C9qSEXlaGR6bTEYHReuglA==}
    engines: {node: '>= 0.4'}

  source-map-js@1.2.1:
    resolution: {integrity: sha512-UXWMKhLOwVKb728IUtQPXxfYU+usdybtUrK/8uGE8CQMvrhOpwvzDBwj0QhSL7MQc7vIsISBG8VQ8+IDQxpfQA==}
    engines: {node: '>=0.10.0'}

  to-regex-range@5.0.1:
    resolution: {integrity: sha512-65P7iz6X5yEr1cwcgvQxbbIw7Uk3gOy5dIdtZ4rDveLqhrdJP+Li/Hx6tyK0NEb+2GCyneCMJiGqrADCSNk8sQ==}
    engines: {node: '>=8.0'}

  url@0.11.4:
    resolution: {integrity: sha512-oCwdVC7mTuWiPyjLUz/COz5TLk6wgp0RCsN+wHZ2Ekneac9w8uuV0njcbbie2ME+Vs+d6duwmYuR3HgQXs1fOg==}
    engines: {node: '>= 0.4'}

  vite@4.5.5:
    resolution: {integrity: sha512-ifW3Lb2sMdX+WU91s3R0FyQlAyLxOzCSCP37ujw0+r5POeHPwe6udWVIElKQq8gk3t7b8rkmvqC6IHBpCff4GQ==}
    engines: {node: ^14.18.0 || >=16.0.0}
    hasBin: true
    peerDependencies:
      '@types/node': '>= 14'
      less: '*'
      lightningcss: ^1.21.0
      sass: '*'
      stylus: '*'
      sugarss: '*'
      terser: ^5.4.0
    peerDependenciesMeta:
      '@types/node':
        optional: true
      less:
        optional: true
      lightningcss:
        optional: true
      sass:
        optional: true
      stylus:
        optional: true
      sugarss:
        optional: true
      terser:
        optional: true

snapshots:

  '@esbuild/android-arm64@0.18.20':
    optional: true

  '@esbuild/android-arm@0.18.20':
    optional: true

  '@esbuild/android-x64@0.18.20':
    optional: true

  '@esbuild/darwin-arm64@0.18.20':
    optional: true

  '@esbuild/darwin-x64@0.18.20':
    optional: true

  '@esbuild/freebsd-arm64@0.18.20':
    optional: true

  '@esbuild/freebsd-x64@0.18.20':
    optional: true

  '@esbuild/linux-arm64@0.18.20':
    optional: true

  '@esbuild/linux-arm@0.18.20':
    optional: true

  '@esbuild/linux-ia32@0.18.20':
    optional: true

  '@esbuild/linux-loong64@0.18.20':
    optional: true

  '@esbuild/linux-mips64el@0.18.20':
    optional: true

  '@esbuild/linux-ppc64@0.18.20':
    optional: true

  '@esbuild/linux-riscv64@0.18.20':
    optional: true

  '@esbuild/linux-s390x@0.18.20':
    optional: true

  '@esbuild/linux-x64@0.18.20':
    optional: true

  '@esbuild/netbsd-x64@0.18.20':
    optional: true

  '@esbuild/openbsd-x64@0.18.20':
    optional: true

  '@esbuild/sunos-x64@0.18.20':
    optional: true

  '@esbuild/win32-arm64@0.18.20':
    optional: true

  '@esbuild/win32-ia32@0.18.20':
    optional: true

  '@esbuild/win32-x64@0.18.20':
    optional: true

  '@parcel/watcher-android-arm64@2.5.0':
    optional: true

  '@parcel/watcher-darwin-arm64@2.5.0':
    optional: true

  '@parcel/watcher-darwin-x64@2.5.0':
    optional: true

  '@parcel/watcher-freebsd-x64@2.5.0':
    optional: true

  '@parcel/watcher-linux-arm-glibc@2.5.0':
    optional: true

  '@parcel/watcher-linux-arm-musl@2.5.0':
    optional: true

  '@parcel/watcher-linux-arm64-glibc@2.5.0':
    optional: true

  '@parcel/watcher-linux-arm64-musl@2.5.0':
    optional: true

  '@parcel/watcher-linux-x64-glibc@2.5.0':
    optional: true

  '@parcel/watcher-linux-x64-musl@2.5.0':
    optional: true

  '@parcel/watcher-win32-arm64@2.5.0':
    optional: true

  '@parcel/watcher-win32-ia32@2.5.0':
    optional: true

  '@parcel/watcher-win32-x64@2.5.0':
    optional: true

  '@parcel/watcher@2.5.0':
    dependencies:
      detect-libc: 1.0.3
      is-glob: 4.0.3
      micromatch: 4.0.8
      node-addon-api: 7.1.1
    optionalDependencies:
      '@parcel/watcher-android-arm64': 2.5.0
      '@parcel/watcher-darwin-arm64': 2.5.0
      '@parcel/watcher-darwin-x64': 2.5.0
      '@parcel/watcher-freebsd-x64': 2.5.0
      '@parcel/watcher-linux-arm-glibc': 2.5.0
      '@parcel/watcher-linux-arm-musl': 2.5.0
      '@parcel/watcher-linux-arm64-glibc': 2.5.0
      '@parcel/watcher-linux-arm64-musl': 2.5.0
      '@parcel/watcher-linux-x64-glibc': 2.5.0
      '@parcel/watcher-linux-x64-musl': 2.5.0
      '@parcel/watcher-win32-arm64': 2.5.0
      '@parcel/watcher-win32-ia32': 2.5.0
      '@parcel/watcher-win32-x64': 2.5.0
    optional: true

  '@pixi/accessibility@7.4.2(@pixi/core@7.4.2)(@pixi/display@7.4.2(@pixi/core@7.4.2))(@pixi/events@7.4.2(@pixi/core@7.4.2)(@pixi/display@7.4.2(@pixi/core@7.4.2)))':
    dependencies:
      '@pixi/core': 7.4.2
      '@pixi/display': 7.4.2(@pixi/core@7.4.2)
      '@pixi/events': 7.4.2(@pixi/core@7.4.2)(@pixi/display@7.4.2(@pixi/core@7.4.2))

  '@pixi/app@7.4.2(@pixi/core@7.4.2)(@pixi/display@7.4.2(@pixi/core@7.4.2))':
    dependencies:
      '@pixi/core': 7.4.2
      '@pixi/display': 7.4.2(@pixi/core@7.4.2)

  '@pixi/assets@7.4.2(@pixi/core@7.4.2)':
    dependencies:
      '@pixi/core': 7.4.2
      '@types/css-font-loading-module': 0.0.12

  '@pixi/color@7.4.2':
    dependencies:
      '@pixi/colord': 2.9.6

  '@pixi/colord@2.9.6': {}

  '@pixi/compressed-textures@7.4.2(@pixi/assets@7.4.2(@pixi/core@7.4.2))(@pixi/core@7.4.2)':
    dependencies:
      '@pixi/assets': 7.4.2(@pixi/core@7.4.2)
      '@pixi/core': 7.4.2

  '@pixi/constants@7.4.2': {}

  '@pixi/core@7.4.2':
    dependencies:
      '@pixi/color': 7.4.2
      '@pixi/constants': 7.4.2
      '@pixi/extensions': 7.4.2
      '@pixi/math': 7.4.2
      '@pixi/runner': 7.4.2
      '@pixi/settings': 7.4.2
      '@pixi/ticker': 7.4.2
      '@pixi/utils': 7.4.2

  '@pixi/display@7.4.2(@pixi/core@7.4.2)':
    dependencies:
      '@pixi/core': 7.4.2

  '@pixi/events@7.4.2(@pixi/core@7.4.2)(@pixi/display@7.4.2(@pixi/core@7.4.2))':
    dependencies:
      '@pixi/core': 7.4.2
      '@pixi/display': 7.4.2(@pixi/core@7.4.2)

  '@pixi/extensions@7.4.2': {}

  '@pixi/extract@7.4.2(@pixi/core@7.4.2)':
    dependencies:
      '@pixi/core': 7.4.2

  '@pixi/filter-alpha@7.4.2(@pixi/core@7.4.2)':
    dependencies:
      '@pixi/core': 7.4.2

  '@pixi/filter-blur@7.4.2(@pixi/core@7.4.2)':
    dependencies:
      '@pixi/core': 7.4.2

  '@pixi/filter-color-matrix@7.4.2(@pixi/core@7.4.2)':
    dependencies:
      '@pixi/core': 7.4.2

  '@pixi/filter-displacement@7.4.2(@pixi/core@7.4.2)':
    dependencies:
      '@pixi/core': 7.4.2

  '@pixi/filter-fxaa@7.4.2(@pixi/core@7.4.2)':
    dependencies:
      '@pixi/core': 7.4.2

  '@pixi/filter-noise@7.4.2(@pixi/core@7.4.2)':
    dependencies:
      '@pixi/core': 7.4.2

  '@pixi/graphics@7.4.2(@pixi/core@7.4.2)(@pixi/display@7.4.2(@pixi/core@7.4.2))(@pixi/sprite@7.4.2(@pixi/core@7.4.2)(@pixi/display@7.4.2(@pixi/core@7.4.2)))':
    dependencies:
      '@pixi/core': 7.4.2
      '@pixi/display': 7.4.2(@pixi/core@7.4.2)
      '@pixi/sprite': 7.4.2(@pixi/core@7.4.2)(@pixi/display@7.4.2(@pixi/core@7.4.2))

  '@pixi/math@7.4.2': {}

  '@pixi/mesh-extras@7.4.2(@pixi/core@7.4.2)(@pixi/mesh@7.4.2(@pixi/core@7.4.2)(@pixi/display@7.4.2(@pixi/core@7.4.2)))':
    dependencies:
      '@pixi/core': 7.4.2
      '@pixi/mesh': 7.4.2(@pixi/core@7.4.2)(@pixi/display@7.4.2(@pixi/core@7.4.2))

  '@pixi/mesh@7.4.2(@pixi/core@7.4.2)(@pixi/display@7.4.2(@pixi/core@7.4.2))':
    dependencies:
      '@pixi/core': 7.4.2
      '@pixi/display': 7.4.2(@pixi/core@7.4.2)

  '@pixi/mixin-cache-as-bitmap@7.4.2(@pixi/core@7.4.2)(@pixi/display@7.4.2(@pixi/core@7.4.2))(@pixi/sprite@7.4.2(@pixi/core@7.4.2)(@pixi/display@7.4.2(@pixi/core@7.4.2)))':
    dependencies:
      '@pixi/core': 7.4.2
      '@pixi/display': 7.4.2(@pixi/core@7.4.2)
      '@pixi/sprite': 7.4.2(@pixi/core@7.4.2)(@pixi/display@7.4.2(@pixi/core@7.4.2))

  '@pixi/mixin-get-child-by-name@7.4.2(@pixi/display@7.4.2(@pixi/core@7.4.2))':
    dependencies:
      '@pixi/display': 7.4.2(@pixi/core@7.4.2)

  '@pixi/mixin-get-global-position@7.4.2(@pixi/core@7.4.2)(@pixi/display@7.4.2(@pixi/core@7.4.2))':
    dependencies:
      '@pixi/core': 7.4.2
      '@pixi/display': 7.4.2(@pixi/core@7.4.2)

  '@pixi/particle-container@7.4.2(@pixi/core@7.4.2)(@pixi/display@7.4.2(@pixi/core@7.4.2))(@pixi/sprite@7.4.2(@pixi/core@7.4.2)(@pixi/display@7.4.2(@pixi/core@7.4.2)))':
    dependencies:
      '@pixi/core': 7.4.2
      '@pixi/display': 7.4.2(@pixi/core@7.4.2)
      '@pixi/sprite': 7.4.2(@pixi/core@7.4.2)(@pixi/display@7.4.2(@pixi/core@7.4.2))

  '@pixi/prepare@7.4.2(@pixi/core@7.4.2)(@pixi/display@7.4.2(@pixi/core@7.4.2))(@pixi/graphics@7.4.2(@pixi/core@7.4.2)(@pixi/display@7.4.2(@pixi/core@7.4.2))(@pixi/sprite@7.4.2(@pixi/core@7.4.2)(@pixi/display@7.4.2(@pixi/core@7.4.2))))(@pixi/text@7.4.2(@pixi/core@7.4.2)(@pixi/sprite@7.4.2(@pixi/core@7.4.2)(@pixi/display@7.4.2(@pixi/core@7.4.2))))':
    dependencies:
      '@pixi/core': 7.4.2
      '@pixi/display': 7.4.2(@pixi/core@7.4.2)
      '@pixi/graphics': 7.4.2(@pixi/core@7.4.2)(@pixi/display@7.4.2(@pixi/core@7.4.2))(@pixi/sprite@7.4.2(@pixi/core@7.4.2)(@pixi/display@7.4.2(@pixi/core@7.4.2)))
      '@pixi/text': 7.4.2(@pixi/core@7.4.2)(@pixi/sprite@7.4.2(@pixi/core@7.4.2)(@pixi/display@7.4.2(@pixi/core@7.4.2)))

  '@pixi/runner@7.4.2': {}

  '@pixi/settings@7.4.2':
    dependencies:
      '@pixi/constants': 7.4.2
      '@types/css-font-loading-module': 0.0.12
      ismobilejs: 1.1.1

  '@pixi/sprite-animated@7.4.2(@pixi/core@7.4.2)(@pixi/sprite@7.4.2(@pixi/core@7.4.2)(@pixi/display@7.4.2(@pixi/core@7.4.2)))':
    dependencies:
      '@pixi/core': 7.4.2
      '@pixi/sprite': 7.4.2(@pixi/core@7.4.2)(@pixi/display@7.4.2(@pixi/core@7.4.2))

  '@pixi/sprite-tiling@7.4.2(@pixi/core@7.4.2)(@pixi/display@7.4.2(@pixi/core@7.4.2))(@pixi/sprite@7.4.2(@pixi/core@7.4.2)(@pixi/display@7.4.2(@pixi/core@7.4.2)))':
    dependencies:
      '@pixi/core': 7.4.2
      '@pixi/display': 7.4.2(@pixi/core@7.4.2)
      '@pixi/sprite': 7.4.2(@pixi/core@7.4.2)(@pixi/display@7.4.2(@pixi/core@7.4.2))

  '@pixi/sprite@7.4.2(@pixi/core@7.4.2)(@pixi/display@7.4.2(@pixi/core@7.4.2))':
    dependencies:
      '@pixi/core': 7.4.2
      '@pixi/display': 7.4.2(@pixi/core@7.4.2)

  '@pixi/spritesheet@7.4.2(@pixi/assets@7.4.2(@pixi/core@7.4.2))(@pixi/core@7.4.2)':
    dependencies:
      '@pixi/assets': 7.4.2(@pixi/core@7.4.2)
      '@pixi/core': 7.4.2

  '@pixi/text-bitmap@7.4.2(@pixi/assets@7.4.2(@pixi/core@7.4.2))(@pixi/core@7.4.2)(@pixi/display@7.4.2(@pixi/core@7.4.2))(@pixi/mesh@7.4.2(@pixi/core@7.4.2)(@pixi/display@7.4.2(@pixi/core@7.4.2)))(@pixi/text@7.4.2(@pixi/core@7.4.2)(@pixi/sprite@7.4.2(@pixi/core@7.4.2)(@pixi/display@7.4.2(@pixi/core@7.4.2))))':
    dependencies:
      '@pixi/assets': 7.4.2(@pixi/core@7.4.2)
      '@pixi/core': 7.4.2
      '@pixi/display': 7.4.2(@pixi/core@7.4.2)
      '@pixi/mesh': 7.4.2(@pixi/core@7.4.2)(@pixi/display@7.4.2(@pixi/core@7.4.2))
      '@pixi/text': 7.4.2(@pixi/core@7.4.2)(@pixi/sprite@7.4.2(@pixi/core@7.4.2)(@pixi/display@7.4.2(@pixi/core@7.4.2)))

  '@pixi/text-html@7.4.2(@pixi/core@7.4.2)(@pixi/display@7.4.2(@pixi/core@7.4.2))(@pixi/sprite@7.4.2(@pixi/core@7.4.2)(@pixi/display@7.4.2(@pixi/core@7.4.2)))(@pixi/text@7.4.2(@pixi/core@7.4.2)(@pixi/sprite@7.4.2(@pixi/core@7.4.2)(@pixi/display@7.4.2(@pixi/core@7.4.2))))':
    dependencies:
      '@pixi/core': 7.4.2
      '@pixi/display': 7.4.2(@pixi/core@7.4.2)
      '@pixi/sprite': 7.4.2(@pixi/core@7.4.2)(@pixi/display@7.4.2(@pixi/core@7.4.2))
      '@pixi/text': 7.4.2(@pixi/core@7.4.2)(@pixi/sprite@7.4.2(@pixi/core@7.4.2)(@pixi/display@7.4.2(@pixi/core@7.4.2)))

  '@pixi/text@7.4.2(@pixi/core@7.4.2)(@pixi/sprite@7.4.2(@pixi/core@7.4.2)(@pixi/display@7.4.2(@pixi/core@7.4.2)))':
    dependencies:
      '@pixi/core': 7.4.2
      '@pixi/sprite': 7.4.2(@pixi/core@7.4.2)(@pixi/display@7.4.2(@pixi/core@7.4.2))

  '@pixi/ticker@7.4.2':
    dependencies:
      '@pixi/extensions': 7.4.2
      '@pixi/settings': 7.4.2
      '@pixi/utils': 7.4.2

  '@pixi/utils@7.4.2':
    dependencies:
      '@pixi/color': 7.4.2
      '@pixi/constants': 7.4.2
      '@pixi/settings': 7.4.2
      '@types/earcut': 2.1.4
      earcut: 2.2.4
      eventemitter3: 4.0.7
      url: 0.11.4

  '@types/css-font-loading-module@0.0.12': {}

  '@types/earcut@2.1.4': {}

  braces@3.0.3:
    dependencies:
      fill-range: 7.1.1
    optional: true

  call-bind@1.0.7:
    dependencies:
      es-define-property: 1.0.0
      es-errors: 1.3.0
      function-bind: 1.1.2
      get-intrinsic: 1.2.4
      set-function-length: 1.2.2

  chokidar@4.0.1:
    dependencies:
      readdirp: 4.0.2

  define-data-property@1.1.4:
    dependencies:
      es-define-property: 1.0.0
      es-errors: 1.3.0
      gopd: 1.1.0

  detect-libc@1.0.3:
    optional: true

  earcut@2.2.4: {}

  es-define-property@1.0.0:
    dependencies:
      get-intrinsic: 1.2.4

  es-errors@1.3.0: {}

  esbuild@0.18.20:
    optionalDependencies:
      '@esbuild/android-arm': 0.18.20
      '@esbuild/android-arm64': 0.18.20
      '@esbuild/android-x64': 0.18.20
      '@esbuild/darwin-arm64': 0.18.20
      '@esbuild/darwin-x64': 0.18.20
      '@esbuild/freebsd-arm64': 0.18.20
      '@esbuild/freebsd-x64': 0.18.20
      '@esbuild/linux-arm': 0.18.20
      '@esbuild/linux-arm64': 0.18.20
      '@esbuild/linux-ia32': 0.18.20
      '@esbuild/linux-loong64': 0.18.20
      '@esbuild/linux-mips64el': 0.18.20
      '@esbuild/linux-ppc64': 0.18.20
      '@esbuild/linux-riscv64': 0.18.20
      '@esbuild/linux-s390x': 0.18.20
      '@esbuild/linux-x64': 0.18.20
      '@esbuild/netbsd-x64': 0.18.20
      '@esbuild/openbsd-x64': 0.18.20
      '@esbuild/sunos-x64': 0.18.20
      '@esbuild/win32-arm64': 0.18.20
      '@esbuild/win32-ia32': 0.18.20
      '@esbuild/win32-x64': 0.18.20

  eventemitter3@4.0.7: {}

  fill-range@7.1.1:
    dependencies:
      to-regex-range: 5.0.1
    optional: true

  fsevents@2.3.3:
    optional: true

  function-bind@1.1.2: {}

  get-intrinsic@1.2.4:
    dependencies:
      es-errors: 1.3.0
      function-bind: 1.1.2
      has-proto: 1.1.0
      has-symbols: 1.1.0
      hasown: 2.0.2

  gopd@1.1.0:
    dependencies:
      get-intrinsic: 1.2.4

  gsap@3.12.5: {}

  has-property-descriptors@1.0.2:
    dependencies:
      es-define-property: 1.0.0

  has-proto@1.1.0:
    dependencies:
      call-bind: 1.0.7

  has-symbols@1.1.0: {}

  hasown@2.0.2:
    dependencies:
      function-bind: 1.1.2

  immutable@5.0.3: {}

  is-extglob@2.1.1:
    optional: true

  is-glob@4.0.3:
    dependencies:
      is-extglob: 2.1.1
    optional: true

  is-number@7.0.0:
    optional: true

  ismobilejs@1.1.1: {}

  micromatch@4.0.8:
    dependencies:
      braces: 3.0.3
      picomatch: 2.3.1
    optional: true

  nanoid@3.3.8: {}

  node-addon-api@7.1.1:
    optional: true

  object-inspect@1.13.3: {}

  picocolors@1.1.1: {}

  picomatch@2.3.1:
    optional: true

  pixi.js@7.4.2:
    dependencies:
      '@pixi/accessibility': 7.4.2(@pixi/core@7.4.2)(@pixi/display@7.4.2(@pixi/core@7.4.2))(@pixi/events@7.4.2(@pixi/core@7.4.2)(@pixi/display@7.4.2(@pixi/core@7.4.2)))
      '@pixi/app': 7.4.2(@pixi/core@7.4.2)(@pixi/display@7.4.2(@pixi/core@7.4.2))
      '@pixi/assets': 7.4.2(@pixi/core@7.4.2)
      '@pixi/compressed-textures': 7.4.2(@pixi/assets@7.4.2(@pixi/core@7.4.2))(@pixi/core@7.4.2)
      '@pixi/core': 7.4.2
      '@pixi/display': 7.4.2(@pixi/core@7.4.2)
      '@pixi/events': 7.4.2(@pixi/core@7.4.2)(@pixi/display@7.4.2(@pixi/core@7.4.2))
      '@pixi/extensions': 7.4.2
      '@pixi/extract': 7.4.2(@pixi/core@7.4.2)
      '@pixi/filter-alpha': 7.4.2(@pixi/core@7.4.2)
      '@pixi/filter-blur': 7.4.2(@pixi/core@7.4.2)
      '@pixi/filter-color-matrix': 7.4.2(@pixi/core@7.4.2)
      '@pixi/filter-displacement': 7.4.2(@pixi/core@7.4.2)
      '@pixi/filter-fxaa': 7.4.2(@pixi/core@7.4.2)
      '@pixi/filter-noise': 7.4.2(@pixi/core@7.4.2)
      '@pixi/graphics': 7.4.2(@pixi/core@7.4.2)(@pixi/display@7.4.2(@pixi/core@7.4.2))(@pixi/sprite@7.4.2(@pixi/core@7.4.2)(@pixi/display@7.4.2(@pixi/core@7.4.2)))
      '@pixi/mesh': 7.4.2(@pixi/core@7.4.2)(@pixi/display@7.4.2(@pixi/core@7.4.2))
      '@pixi/mesh-extras': 7.4.2(@pixi/core@7.4.2)(@pixi/mesh@7.4.2(@pixi/core@7.4.2)(@pixi/display@7.4.2(@pixi/core@7.4.2)))
      '@pixi/mixin-cache-as-bitmap': 7.4.2(@pixi/core@7.4.2)(@pixi/display@7.4.2(@pixi/core@7.4.2))(@pixi/sprite@7.4.2(@pixi/core@7.4.2)(@pixi/display@7.4.2(@pixi/core@7.4.2)))
      '@pixi/mixin-get-child-by-name': 7.4.2(@pixi/display@7.4.2(@pixi/core@7.4.2))
      '@pixi/mixin-get-global-position': 7.4.2(@pixi/core@7.4.2)(@pixi/display@7.4.2(@pixi/core@7.4.2))
      '@pixi/particle-container': 7.4.2(@pixi/core@7.4.2)(@pixi/display@7.4.2(@pixi/core@7.4.2))(@pixi/sprite@7.4.2(@pixi/core@7.4.2)(@pixi/display@7.4.2(@pixi/core@7.4.2)))
      '@pixi/prepare': 7.4.2(@pixi/core@7.4.2)(@pixi/display@7.4.2(@pixi/core@7.4.2))(@pixi/graphics@7.4.2(@pixi/core@7.4.2)(@pixi/display@7.4.2(@pixi/core@7.4.2))(@pixi/sprite@7.4.2(@pixi/core@7.4.2)(@pixi/display@7.4.2(@pixi/core@7.4.2))))(@pixi/text@7.4.2(@pixi/core@7.4.2)(@pixi/sprite@7.4.2(@pixi/core@7.4.2)(@pixi/display@7.4.2(@pixi/core@7.4.2))))
      '@pixi/sprite': 7.4.2(@pixi/core@7.4.2)(@pixi/display@7.4.2(@pixi/core@7.4.2))
      '@pixi/sprite-animated': 7.4.2(@pixi/core@7.4.2)(@pixi/sprite@7.4.2(@pixi/core@7.4.2)(@pixi/display@7.4.2(@pixi/core@7.4.2)))
      '@pixi/sprite-tiling': 7.4.2(@pixi/core@7.4.2)(@pixi/display@7.4.2(@pixi/core@7.4.2))(@pixi/sprite@7.4.2(@pixi/core@7.4.2)(@pixi/display@7.4.2(@pixi/core@7.4.2)))
      '@pixi/spritesheet': 7.4.2(@pixi/assets@7.4.2(@pixi/core@7.4.2))(@pixi/core@7.4.2)
      '@pixi/text': 7.4.2(@pixi/core@7.4.2)(@pixi/sprite@7.4.2(@pixi/core@7.4.2)(@pixi/display@7.4.2(@pixi/core@7.4.2)))
      '@pixi/text-bitmap': 7.4.2(@pixi/assets@7.4.2(@pixi/core@7.4.2))(@pixi/core@7.4.2)(@pixi/display@7.4.2(@pixi/core@7.4.2))(@pixi/mesh@7.4.2(@pixi/core@7.4.2)(@pixi/display@7.4.2(@pixi/core@7.4.2)))(@pixi/text@7.4.2(@pixi/core@7.4.2)(@pixi/sprite@7.4.2(@pixi/core@7.4.2)(@pixi/display@7.4.2(@pixi/core@7.4.2))))
      '@pixi/text-html': 7.4.2(@pixi/core@7.4.2)(@pixi/display@7.4.2(@pixi/core@7.4.2))(@pixi/sprite@7.4.2(@pixi/core@7.4.2)(@pixi/display@7.4.2(@pixi/core@7.4.2)))(@pixi/text@7.4.2(@pixi/core@7.4.2)(@pixi/sprite@7.4.2(@pixi/core@7.4.2)(@pixi/display@7.4.2(@pixi/core@7.4.2))))

  postcss@8.4.49:
    dependencies:
      nanoid: 3.3.8
      picocolors: 1.1.1
      source-map-js: 1.2.1

  punycode@1.4.1: {}

  qs@6.13.1:
    dependencies:
      side-channel: 1.0.6

  readdirp@4.0.2: {}

  rollup@3.29.5:
    optionalDependencies:
      fsevents: 2.3.3

  sass@1.82.0:
    dependencies:
      chokidar: 4.0.1
      immutable: 5.0.3
      source-map-js: 1.2.1
    optionalDependencies:
      '@parcel/watcher': 2.5.0

  set-function-length@1.2.2:
    dependencies:
      define-data-property: 1.1.4
      es-errors: 1.3.0
      function-bind: 1.1.2
      get-intrinsic: 1.2.4
      gopd: 1.1.0
      has-property-descriptors: 1.0.2

  side-channel@1.0.6:
    dependencies:
      call-bind: 1.0.7
      es-errors: 1.3.0
      get-intrinsic: 1.2.4
      object-inspect: 1.13.3

  source-map-js@1.2.1: {}

  to-regex-range@5.0.1:
    dependencies:
      is-number: 7.0.0
    optional: true

  url@0.11.4:
    dependencies:
      punycode: 1.4.1
      qs: 6.13.1

  vite@4.5.5(sass@1.82.0):
    dependencies:
      esbuild: 0.18.20
      postcss: 8.4.49
      rollup: 3.29.5
    optionalDependencies:
      fsevents: 2.3.3
      sass: 1.82.0
